{
  "requires": true,
  "lockfileVersion": 1,
  "dependencies": {
    "mjpeg-server": {
      "version": "0.3.1",
      "resolved": "https://registry.npmjs.org/mjpeg-server/-/mjpeg-server-0.3.1.tgz",
      "integrity": "sha512-zegOmZzr5Z4l3vDks3P9x02ecdMOCFDbvmZRzFb3EMu/7bVLFHCeZZeOxf2vWmUgTlQdpoQvnxmwfs9xS2NDQQ=="
    }
  }
}
